// !$*UTF8*$!
{
	archiveVersion = 1;
	classes = {
	};
	objectVersion = 46;
	objects = {

/* Begin PBXBuildFile section */
		894969E41EEA632500D19112 /* SpellingsCollectionVC.swift in Sources */ = {isa = PBXBuildFile; fileRef = 894969E31EEA632500D19112 /* SpellingsCollectionVC.swift */; };
		894969E61EEA637300D19112 /* SpellingsCollectionVCell.swift in Sources */ = {isa = PBXBuildFile; fileRef = 894969E51EEA637300D19112 /* SpellingsCollectionVCell.swift */; };
		894969EF1EEA7CB100D19112 /* SpellingsLevel.swift in Sources */ = {isa = PBXBuildFile; fileRef = 894969EE1EEA7CB100D19112 /* SpellingsLevel.swift */; };
		894969F11EEA7D6000D19112 /* SpellingConstants.swift in Sources */ = {isa = PBXBuildFile; fileRef = 894969F01EEA7D6000D19112 /* SpellingConstants.swift */; };
		8969B3111F04CE8F00EBACA5 /* DSExtensions.swift in Sources */ = {isa = PBXBuildFile; fileRef = 8969B3101F04CE8F00EBACA5 /* DSExtensions.swift */; };
		E3BFE5911EE840F9006801AD /* AppDelegate.swift in Sources */ = {isa = PBXBuildFile; fileRef = E3BFE5901EE840F9006801AD /* AppDelegate.swift */; };
		E3BFE5931EE840F9006801AD /* SpellingsVC.swift in Sources */ = {isa = PBXBuildFile; fileRef = E3BFE5921EE840F9006801AD /* SpellingsVC.swift */; };
		E3BFE5961EE840F9006801AD /* Main.storyboard in Resources */ = {isa = PBXBuildFile; fileRef = E3BFE5941EE840F9006801AD /* Main.storyboard */; };
		E3BFE5981EE840F9006801AD /* Assets.xcassets in Resources */ = {isa = PBXBuildFile; fileRef = E3BFE5971EE840F9006801AD /* Assets.xcassets */; };
		E3BFE59B1EE840F9006801AD /* LaunchScreen.storyboard in Resources */ = {isa = PBXBuildFile; fileRef = E3BFE5991EE840F9006801AD /* LaunchScreen.storyboard */; };
		E3BFE5A31EE849A7006801AD /* spellings.json in Resources */ = {isa = PBXBuildFile; fileRef = E3BFE5A21EE849A7006801AD /* spellings.json */; };
		E3BFE5A51EE84E04006801AD /* Spellings.swift in Sources */ = {isa = PBXBuildFile; fileRef = E3BFE5A41EE84E04006801AD /* Spellings.swift */; };
		F3F057E5FF57262D82F8F044 /* Pods_Daily_Spell.framework in Frameworks */ = {isa = PBXBuildFile; fileRef = 96BBF89A25566F48FE6D843E /* Pods_Daily_Spell.framework */; };
/* End PBXBuildFile section */

/* Begin PBXFileReference section */
		894969E31EEA632500D19112 /* SpellingsCollectionVC.swift */ = {isa = PBXFileReference; fileEncoding = 4; lastKnownFileType = sourcecode.swift; path = SpellingsCollectionVC.swift; sourceTree = "<group>"; };
		894969E51EEA637300D19112 /* SpellingsCollectionVCell.swift */ = {isa = PBXFileReference; fileEncoding = 4; lastKnownFileType = sourcecode.swift; path = SpellingsCollectionVCell.swift; sourceTree = "<group>"; };
		894969EE1EEA7CB100D19112 /* SpellingsLevel.swift */ = {isa = PBXFileReference; fileEncoding = 4; lastKnownFileType = sourcecode.swift; path = SpellingsLevel.swift; sourceTree = "<group>"; };
		894969F01EEA7D6000D19112 /* SpellingConstants.swift */ = {isa = PBXFileReference; fileEncoding = 4; lastKnownFileType = sourcecode.swift; path = SpellingConstants.swift; sourceTree = "<group>"; };
		8969B3101F04CE8F00EBACA5 /* DSExtensions.swift */ = {isa = PBXFileReference; fileEncoding = 4; lastKnownFileType = sourcecode.swift; path = DSExtensions.swift; sourceTree = "<group>"; };
		96BBF89A25566F48FE6D843E /* Pods_Daily_Spell.framework */ = {isa = PBXFileReference; explicitFileType = wrapper.framework; includeInIndex = 0; path = Pods_Daily_Spell.framework; sourceTree = BUILT_PRODUCTS_DIR; };
		DE229DCFA631659E2C131F6D /* Pods-Daily Spell.release.xcconfig */ = {isa = PBXFileReference; includeInIndex = 1; lastKnownFileType = text.xcconfig; name = "Pods-Daily Spell.release.xcconfig"; path = "Pods/Target Support Files/Pods-Daily Spell/Pods-Daily Spell.release.xcconfig"; sourceTree = "<group>"; };
		E3BFE58D1EE840F9006801AD /* Daily Spell.app */ = {isa = PBXFileReference; explicitFileType = wrapper.application; includeInIndex = 0; path = "Daily Spell.app"; sourceTree = BUILT_PRODUCTS_DIR; };
		E3BFE5901EE840F9006801AD /* AppDelegate.swift */ = {isa = PBXFileReference; lastKnownFileType = sourcecode.swift; path = AppDelegate.swift; sourceTree = "<group>"; };
		E3BFE5921EE840F9006801AD /* SpellingsVC.swift */ = {isa = PBXFileReference; lastKnownFileType = sourcecode.swift; path = SpellingsVC.swift; sourceTree = "<group>"; };
		E3BFE5951EE840F9006801AD /* Base */ = {isa = PBXFileReference; lastKnownFileType = file.storyboard; name = Base; path = Base.lproj/Main.storyboard; sourceTree = "<group>"; };
		E3BFE5971EE840F9006801AD /* Assets.xcassets */ = {isa = PBXFileReference; lastKnownFileType = folder.assetcatalog; path = Assets.xcassets; sourceTree = "<group>"; };
		E3BFE59A1EE840F9006801AD /* Base */ = {isa = PBXFileReference; lastKnownFileType = file.storyboard; name = Base; path = Base.lproj/LaunchScreen.storyboard; sourceTree = "<group>"; };
		E3BFE59C1EE840F9006801AD /* Info.plist */ = {isa = PBXFileReference; lastKnownFileType = text.plist.xml; path = Info.plist; sourceTree = "<group>"; };
		E3BFE5A21EE849A7006801AD /* spellings.json */ = {isa = PBXFileReference; fileEncoding = 4; lastKnownFileType = text.json; path = spellings.json; sourceTree = "<group>"; };
		E3BFE5A41EE84E04006801AD /* Spellings.swift */ = {isa = PBXFileReference; fileEncoding = 4; lastKnownFileType = sourcecode.swift; path = Spellings.swift; sourceTree = "<group>"; };
		F812D4EBDEB575FD944B84C7 /* Pods-Daily Spell.debug.xcconfig */ = {isa = PBXFileReference; includeInIndex = 1; lastKnownFileType = text.xcconfig; name = "Pods-Daily Spell.debug.xcconfig"; path = "Pods/Target Support Files/Pods-Daily Spell/Pods-Daily Spell.debug.xcconfig"; sourceTree = "<group>"; };
/* End PBXFileReference section */

/* Begin PBXFrameworksBuildPhase section */
		E3BFE58A1EE840F9006801AD /* Frameworks */ = {
			isa = PBXFrameworksBuildPhase;
			buildActionMask = 2147483647;
			files = (
				F3F057E5FF57262D82F8F044 /* Pods_Daily_Spell.framework in Frameworks */,
			);
			runOnlyForDeploymentPostprocessing = 0;
		};
/* End PBXFrameworksBuildPhase section */

/* Begin PBXGroup section */
		0793695F8D3AF237B7A9CFA8 /* Pods */ = {
			isa = PBXGroup;
			children = (
				F812D4EBDEB575FD944B84C7 /* Pods-Daily Spell.debug.xcconfig */,
				DE229DCFA631659E2C131F6D /* Pods-Daily Spell.release.xcconfig */,
			);
			name = Pods;
			sourceTree = "<group>";
		};
		2281D4E8D5B6913548FCAEEE /* Frameworks */ = {
			isa = PBXGroup;
			children = (
				96BBF89A25566F48FE6D843E /* Pods_Daily_Spell.framework */,
			);
			name = Frameworks;
			sourceTree = "<group>";
		};
		894969E71EEA63A500D19112 /* Spellings */ = {
			isa = PBXGroup;
			children = (
				E3BFE5921EE840F9006801AD /* SpellingsVC.swift */,
				E3BFE5A41EE84E04006801AD /* Spellings.swift */,
			);
			name = Spellings;
			sourceTree = "<group>";
		};
		894969E81EEA63B100D19112 /* Menu */ = {
			isa = PBXGroup;
			children = (
				894969E31EEA632500D19112 /* SpellingsCollectionVC.swift */,
				894969E51EEA637300D19112 /* SpellingsCollectionVCell.swift */,
				894969EE1EEA7CB100D19112 /* SpellingsLevel.swift */,
			);
			name = Menu;
			sourceTree = "<group>";
		};
		E3BFE5841EE840F9006801AD = {
			isa = PBXGroup;
			children = (
				E3BFE58F1EE840F9006801AD /* Daily Spell */,
				E3BFE58E1EE840F9006801AD /* Products */,
				0793695F8D3AF237B7A9CFA8 /* Pods */,
				2281D4E8D5B6913548FCAEEE /* Frameworks */,
			);
			sourceTree = "<group>";
		};
		E3BFE58E1EE840F9006801AD /* Products */ = {
			isa = PBXGroup;
			children = (
				E3BFE58D1EE840F9006801AD /* Daily Spell.app */,
			);
			name = Products;
			sourceTree = "<group>";
		};
		E3BFE58F1EE840F9006801AD /* Daily Spell */ = {
			isa = PBXGroup;
			children = (
				E3BFE5901EE840F9006801AD /* AppDelegate.swift */,
				894969F01EEA7D6000D19112 /* SpellingConstants.swift */,
				8969B3101F04CE8F00EBACA5 /* DSExtensions.swift */,
				E3BFE5941EE840F9006801AD /* Main.storyboard */,
				894969E71EEA63A500D19112 /* Spellings */,
				894969E81EEA63B100D19112 /* Menu */,
				E3BFE5971EE840F9006801AD /* Assets.xcassets */,
				E3BFE5991EE840F9006801AD /* LaunchScreen.storyboard */,
				E3BFE59C1EE840F9006801AD /* Info.plist */,
				E3BFE5A21EE849A7006801AD /* spellings.json */,
			);
			path = "Daily Spell";
			sourceTree = "<group>";
		};
/* End PBXGroup section */

/* Begin PBXNativeTarget section */
		E3BFE58C1EE840F9006801AD /* Daily Spell */ = {
			isa = PBXNativeTarget;
			buildConfigurationList = E3BFE59F1EE840F9006801AD /* Build configuration list for PBXNativeTarget "Daily Spell" */;
			buildPhases = (
				BAF2C8AFF631653F6662544B /* [CP] Check Pods Manifest.lock */,
				E3BFE5891EE840F9006801AD /* Sources */,
				E3BFE58A1EE840F9006801AD /* Frameworks */,
				E3BFE58B1EE840F9006801AD /* Resources */,
				FBB3A7484D5A765BCD6C509C /* [CP] Embed Pods Frameworks */,
				FA5D4D37C904BF930F8CC9A5 /* [CP] Copy Pods Resources */,
			);
			buildRules = (
			);
			dependencies = (
			);
			name = "Daily Spell";
			productName = "Daily Spell";
			productReference = E3BFE58D1EE840F9006801AD /* Daily Spell.app */;
			productType = "com.apple.product-type.application";
		};
/* End PBXNativeTarget section */

/* Begin PBXProject section */
		E3BFE5851EE840F9006801AD /* Project object */ = {
			isa = PBXProject;
			attributes = {
				LastSwiftUpdateCheck = 0830;
				LastUpgradeCheck = 0900;
				ORGANIZATIONNAME = Shopndo;
				TargetAttributes = {
					E3BFE58C1EE840F9006801AD = {
						CreatedOnToolsVersion = 8.3.3;
						DevelopmentTeam = 8NCFKTPQVR;
						LastSwiftMigration = 0900;
						ProvisioningStyle = Automatic;
					};
				};
			};
			buildConfigurationList = E3BFE5881EE840F9006801AD /* Build configuration list for PBXProject "Daily Spell" */;
			compatibilityVersion = "Xcode 3.2";
			developmentRegion = English;
			hasScannedForEncodings = 0;
			knownRegions = (
				en,
				Base,
			);
			mainGroup = E3BFE5841EE840F9006801AD;
			productRefGroup = E3BFE58E1EE840F9006801AD /* Products */;
			projectDirPath = "";
			projectRoot = "";
			targets = (
				E3BFE58C1EE840F9006801AD /* Daily Spell */,
			);
		};
/* End PBXProject section */

/* Begin PBXResourcesBuildPhase section */
		E3BFE58B1EE840F9006801AD /* Resources */ = {
			isa = PBXResourcesBuildPhase;
			buildActionMask = 2147483647;
			files = (
				E3BFE59B1EE840F9006801AD /* LaunchScreen.storyboard in Resources */,
				E3BFE5981EE840F9006801AD /* Assets.xcassets in Resources */,
				E3BFE5961EE840F9006801AD /* Main.storyboard in Resources */,
				E3BFE5A31EE849A7006801AD /* spellings.json in Resources */,
			);
			runOnlyForDeploymentPostprocessing = 0;
		};
/* End PBXResourcesBuildPhase section */

/* Begin PBXShellScriptBuildPhase section */
		BAF2C8AFF631653F6662544B /* [CP] Check Pods Manifest.lock */ = {
			isa = PBXShellScriptBuildPhase;
			buildActionMask = 2147483647;
			files = (
			);
			inputPaths = (
			);
			name = "[CP] Check Pods Manifest.lock";
			outputPaths = (
			);
			runOnlyForDeploymentPostprocessing = 0;
			shellPath = /bin/sh;
			shellScript = "diff \"${PODS_PODFILE_DIR_PATH}/Podfile.lock\" \"${PODS_ROOT}/Manifest.lock\" > /dev/null\nif [ $? != 0 ] ; then\n    # print error to STDERR\n    echo \"error: The sandbox is not in sync with the Podfile.lock. Run 'pod install' or update your CocoaPods installation.\" >&2\n    exit 1\nfi\n";
			showEnvVarsInLog = 0;
		};
		FA5D4D37C904BF930F8CC9A5 /* [CP] Copy Pods Resources */ = {
			isa = PBXShellScriptBuildPhase;
			buildActionMask = 2147483647;
			files = (
			);
			inputPaths = (
			);
			name = "[CP] Copy Pods Resources";
			outputPaths = (
			);
			runOnlyForDeploymentPostprocessing = 0;
			shellPath = /bin/sh;
			shellScript = "\"${SRCROOT}/Pods/Target Support Files/Pods-Daily Spell/Pods-Daily Spell-resources.sh\"\n";
			showEnvVarsInLog = 0;
		};
		FBB3A7484D5A765BCD6C509C /* [CP] Embed Pods Frameworks */ = {
			isa = PBXShellScriptBuildPhase;
			buildActionMask = 2147483647;
			files = (
			);
			inputPaths = (
			);
			name = "[CP] Embed Pods Frameworks";
			outputPaths = (
			);
			runOnlyForDeploymentPostprocessing = 0;
			shellPath = /bin/sh;
			shellScript = "\"${SRCROOT}/Pods/Target Support Files/Pods-Daily Spell/Pods-Daily Spell-frameworks.sh\"\n";
			showEnvVarsInLog = 0;
		};
/* End PBXShellScriptBuildPhase section */

/* Begin PBXSourcesBuildPhase section */
		E3BFE5891EE840F9006801AD /* Sources */ = {
			isa = PBXSourcesBuildPhase;
			buildActionMask = 2147483647;
			files = (
				894969E41EEA632500D19112 /* SpellingsCollectionVC.swift in Sources */,
				E3BFE5A51EE84E04006801AD /* Spellings.swift in Sources */,
				894969EF1EEA7CB100D19112 /* SpellingsLevel.swift in Sources */,
				E3BFE5931EE840F9006801AD /* SpellingsVC.swift in Sources */,
				8969B3111F04CE8F00EBACA5 /* DSExtensions.swift in Sources */,
				894969E61EEA637300D19112 /* SpellingsCollectionVCell.swift in Sources */,
				894969F11EEA7D6000D19112 /* SpellingConstants.swift in Sources */,
				E3BFE5911EE840F9006801AD /* AppDelegate.swift in Sources */,
			);
			runOnlyForDeploymentPostprocessing = 0;
		};
/* End PBXSourcesBuildPhase section */

/* Begin PBXVariantGroup section */
		E3BFE5941EE840F9006801AD /* Main.storyboard */ = {
			isa = PBXVariantGroup;
			children = (
				E3BFE5951EE840F9006801AD /* Base */,
			);
			name = Main.storyboard;
			sourceTree = "<group>";
		};
		E3BFE5991EE840F9006801AD /* LaunchScreen.storyboard */ = {
			isa = PBXVariantGroup;
			children = (
				E3BFE59A1EE840F9006801AD /* Base */,
			);
			name = LaunchScreen.storyboard;
			sourceTree = "<group>";
		};
/* End PBXVariantGroup section */

/* Begin XCBuildConfiguration section */
		E3BFE59D1EE840F9006801AD /* Debug */ = {
			isa = XCBuildConfiguration;
			buildSettings = {
				ALWAYS_SEARCH_USER_PATHS = NO;
				CLANG_ANALYZER_NONNULL = YES;
				CLANG_ANALYZER_NUMBER_OBJECT_CONVERSION = YES_AGGRESSIVE;
				CLANG_CXX_LANGUAGE_STANDARD = "gnu++0x";
				CLANG_CXX_LIBRARY = "libc++";
				CLANG_ENABLE_MODULES = YES;
				CLANG_ENABLE_OBJC_ARC = YES;
				CLANG_WARN_BLOCK_CAPTURE_AUTORELEASING = YES;
				CLANG_WARN_BOOL_CONVERSION = YES;
				CLANG_WARN_COMMA = YES;
				CLANG_WARN_CONSTANT_CONVERSION = YES;
				CLANG_WARN_DIRECT_OBJC_ISA_USAGE = YES_ERROR;
				CLANG_WARN_DOCUMENTATION_COMMENTS = YES;
				CLANG_WARN_EMPTY_BODY = YES;
				CLANG_WARN_ENUM_CONVERSION = YES;
				CLANG_WARN_INFINITE_RECURSION = YES;
				CLANG_WARN_INT_CONVERSION = YES;
				CLANG_WARN_NON_LITERAL_NULL_CONVERSION = YES;
				CLANG_WARN_OBJC_LITERAL_CONVERSION = YES;
				CLANG_WARN_OBJC_ROOT_CLASS = YES_ERROR;
				CLANG_WARN_RANGE_LOOP_ANALYSIS = YES;
				CLANG_WARN_STRICT_PROTOTYPES = YES;
				CLANG_WARN_SUSPICIOUS_MOVE = YES;
				CLANG_WARN_UNREACHABLE_CODE = YES;
				CLANG_WARN__DUPLICATE_METHOD_MATCH = YES;
				"CODE_SIGN_IDENTITY[sdk=iphoneos*]" = "iPhone Developer";
				COPY_PHASE_STRIP = NO;
				DEBUG_INFORMATION_FORMAT = dwarf;
				ENABLE_STRICT_OBJC_MSGSEND = YES;
				ENABLE_TESTABILITY = YES;
				GCC_C_LANGUAGE_STANDARD = gnu99;
				GCC_DYNAMIC_NO_PIC = NO;
				GCC_NO_COMMON_BLOCKS = YES;
				GCC_OPTIMIZATION_LEVEL = 0;
				GCC_PREPROCESSOR_DEFINITIONS = (
					"DEBUG=1",
					"$(inherited)",
				);
				GCC_WARN_64_TO_32_BIT_CONVERSION = YES;
				GCC_WARN_ABOUT_RETURN_TYPE = YES_ERROR;
				GCC_WARN_UNDECLARED_SELECTOR = YES;
				GCC_WARN_UNINITIALIZED_AUTOS = YES_AGGRESSIVE;
				GCC_WARN_UNUSED_FUNCTION = YES;
				GCC_WARN_UNUSED_VARIABLE = YES;
				IPHONEOS_DEPLOYMENT_TARGET = 10.3;
				MTL_ENABLE_DEBUG_INFO = YES;
				ONLY_ACTIVE_ARCH = YES;
				SDKROOT = iphoneos;
				SWIFT_ACTIVE_COMPILATION_CONDITIONS = DEBUG;
				SWIFT_OPTIMIZATION_LEVEL = "-Onone";
				TARGETED_DEVICE_FAMILY = "1,2";
			};
			name = Debug;
		};
		E3BFE59E1EE840F9006801AD /* Release */ = {
			isa = XCBuildConfiguration;
			buildSettings = {
				ALWAYS_SEARCH_USER_PATHS = NO;
				CLANG_ANALYZER_NONNULL = YES;
				CLANG_ANALYZER_NUMBER_OBJECT_CONVERSION = YES_AGGRESSIVE;
				CLANG_CXX_LANGUAGE_STANDARD = "gnu++0x";
				CLANG_CXX_LIBRARY = "libc++";
				CLANG_ENABLE_MODULES = YES;
				CLANG_ENABLE_OBJC_ARC = YES;
				CLANG_WARN_BLOCK_CAPTURE_AUTORELEASING = YES;
				CLANG_WARN_BOOL_CONVERSION = YES;
				CLANG_WARN_COMMA = YES;
				CLANG_WARN_CONSTANT_CONVERSION = YES;
				CLANG_WARN_DIRECT_OBJC_ISA_USAGE = YES_ERROR;
				CLANG_WARN_DOCUMENTATION_COMMENTS = YES;
				CLANG_WARN_EMPTY_BODY = YES;
				CLANG_WARN_ENUM_CONVERSION = YES;
				CLANG_WARN_INFINITE_RECURSION = YES;
				CLANG_WARN_INT_CONVERSION = YES;
				CLANG_WARN_NON_LITERAL_NULL_CONVERSION = YES;
				CLANG_WARN_OBJC_LITERAL_CONVERSION = YES;
				CLANG_WARN_OBJC_ROOT_CLASS = YES_ERROR;
				CLANG_WARN_RANGE_LOOP_ANALYSIS = YES;
				CLANG_WARN_STRICT_PROTOTYPES = YES;
				CLANG_WARN_SUSPICIOUS_MOVE = YES;
				CLANG_WARN_UNREACHABLE_CODE = YES;
				CLANG_WARN__DUPLICATE_METHOD_MATCH = YES;
				"CODE_SIGN_IDENTITY[sdk=iphoneos*]" = "iPhone Developer";
				COPY_PHASE_STRIP = NO;
				DEBUG_INFORMATION_FORMAT = "dwarf-with-dsym";
				ENABLE_NS_ASSERTIONS = NO;
				ENABLE_STRICT_OBJC_MSGSEND = YES;
				GCC_C_LANGUAGE_STANDARD = gnu99;
				GCC_NO_COMMON_BLOCKS = YES;
				GCC_WARN_64_TO_32_BIT_CONVERSION = YES;
				GCC_WARN_ABOUT_RETURN_TYPE = YES_ERROR;
				GCC_WARN_UNDECLARED_SELECTOR = YES;
				GCC_WARN_UNINITIALIZED_AUTOS = YES_AGGRESSIVE;
				GCC_WARN_UNUSED_FUNCTION = YES;
				GCC_WARN_UNUSED_VARIABLE = YES;
				IPHONEOS_DEPLOYMENT_TARGET = 10.3;
				MTL_ENABLE_DEBUG_INFO = NO;
				SDKROOT = iphoneos;
				SWIFT_OPTIMIZATION_LEVEL = "-Owholemodule";
				TARGETED_DEVICE_FAMILY = "1,2";
				VALIDATE_PRODUCT = YES;
			};
			name = Release;
		};
		E3BFE5A01EE840F9006801AD /* Debug */ = {
			isa = XCBuildConfiguration;
			baseConfigurationReference = F812D4EBDEB575FD944B84C7 /* Pods-Daily Spell.debug.xcconfig */;
			buildSettings = {
				ASSETCATALOG_COMPILER_APPICON_NAME = AppIcon;
				DEVELOPMENT_TEAM = 8NCFKTPQVR;
				INFOPLIST_FILE = "Daily Spell/Info.plist";
				LD_RUNPATH_SEARCH_PATHS = "$(inherited) @executable_path/Frameworks";
				PRODUCT_BUNDLE_IDENTIFIER = "io.github.ashishkapoor.Daily-Spell";
				PRODUCT_NAME = "$(TARGET_NAME)";
				SWIFT_SWIFT3_OBJC_INFERENCE = On;
				SWIFT_VERSION = 3.0;
			};
			name = Debug;
		};
		E3BFE5A11EE840F9006801AD /* Release */ = {
			isa = XCBuildConfiguration;
			baseConfigurationReference = DE229DCFA631659E2C131F6D /* Pods-Daily Spell.release.xcconfig */;
			buildSettings = {
				ASSETCATALOG_COMPILER_APPICON_NAME = AppIcon;
				DEVELOPMENT_TEAM = 8NCFKTPQVR;
				INFOPLIST_FILE = "Daily Spell/Info.plist";
				LD_RUNPATH_SEARCH_PATHS = "$(inherited) @executable_path/Frameworks";
				PRODUCT_BUNDLE_IDENTIFIER = "io.github.ashishkapoor.Daily-Spell";
				PRODUCT_NAME = "$(TARGET_NAME)";
				SWIFT_SWIFT3_OBJC_INFERENCE = On;
				SWIFT_VERSION = 3.0;
			};
			name = Release;
		};
/* End XCBuildConfiguration section */

/* Begin XCConfigurationList section */
		E3BFE5881EE840F9006801AD /* Build configuration list for PBXProject "Daily Spell" */ = {
			isa = XCConfigurationList;
			buildConfigurations = (
				E3BFE59D1EE840F9006801AD /* Debug */,
				E3BFE59E1EE840F9006801AD /* Release */,
			);
			defaultConfigurationIsVisible = 0;
			defaultConfigurationName = Release;
		};
		E3BFE59F1EE840F9006801AD /* Build configuration list for PBXNativeTarget "Daily Spell" */ = {
			isa = XCConfigurationList;
			buildConfigurations = (
				E3BFE5A01EE840F9006801AD /* Debug */,
				E3BFE5A11EE840F9006801AD /* Release */,
			);
			defaultConfigurationIsVisible = 0;
			defaultConfigurationName = Release;
		};
/* End XCConfigurationList section */
	};
	rootObject = E3BFE5851EE840F9006801AD /* Project object */;
}
